{
  "name": "cbe-typescript-resolver-spike",
  "version": "0.0.0",
  "lockfileVersion": 3,
  "requires": true,
  "packages": {
    "": {
      "name": "cbe-typescript-resolver-spike",
      "version": "0.0.0",
      "license": "UNLICENSED",
      "dependencies": {
        "@sourcegraph/scip-typescript": "0.4.0",
        "typescript": "5.9.3"
      }
    },
    "node_modules/@sourcegraph/scip-typescript": {
      "version": "0.4.0",
      "resolved": "https://registry.npmjs.org/@sourcegraph/scip-typescript/-/scip-typescript-0.4.0.tgz",
      "integrity": "sha512-k+AtsrqmS41Sd5qjkZlHcmvoSQIvBOonRj4jpgp0KNFM6aqvMGpdSuPUqrUcg8ENTKjUbfaUVszgQwq3bCOvwA==",
      "license": "Apache-2.0",
      "dependencies": {
        "commander": "^12.1.0",
        "google-protobuf": "^3.21.4",
        "progress": "^2.0.3",
        "typescript": "^5.6.2"
      },
      "bin": {
        "scip-typescript": "dist/src/main.js"
      }
    },
    "node_modules/commander": {
      "version": "12.1.0",
      "resolved": "https://registry.npmjs.org/commander/-/commander-12.1.0.tgz",
      "integrity": "sha512-Vw8qHK3bZM9y/P10u3Vib8o/DdkvA2OtPtZvD871QKjy74Wj1WSKFILMPRPSdUSx5RFK1arlJzEtA4PkFgnbuA==",
      "license": "MIT",
      "engines": {
        "node": ">=18"
      }
    },
    "node_modules/google-protobuf": {
      "version": "3.21.4",
      "resolved": "https://registry.npmjs.org/google-protobuf/-/google-protobuf-3.21.4.tgz",
      "integrity": "sha512-MnG7N936zcKTco4Jd2PX2U96Kf9PxygAPKBug+74LHzmHXmceN16MmRcdgZv+DGef/S9YvQAfRsNCn4cjf9yyQ==",
      "license": "(BSD-3-Clause AND Apache-2.0)"
    },
    "node_modules/progress": {
      "version": "2.0.3",
      "resolved": "https://registry.npmjs.org/progress/-/progress-2.0.3.tgz",
      "integrity": "sha512-7PiHtLll5LdnKIMw100I+8xJXR5gW2QwWYkT6iJva0bXitZKa/XMrSbdmg3r2Xnaidz9Qumd0VPaMrZlF9V9sA==",
      "license": "MIT",
      "engines": {
        "node": ">=0.4.0"
      }
    },
    "node_modules/typescript": {
      "version": "5.9.3",
      "resolved": "https://registry.npmjs.org/typescript/-/typescript-5.9.3.tgz",
      "integrity": "sha512-jl1vZzPDinLr9eUt3J/t7V6FgNEw9QjvBPdysz9KfQDD41fQrC2Y4vKQdiaUpFT4bXlb1RHhLpp8wtm6M5TgSw==",
      "license": "Apache-2.0",
      "bin": {
        "tsc": "bin/tsc",
        "tsserver": "bin/tsserver"
      },
      "engines": {
        "node": ">=14.17"
      }
    }
  }
}
